// !$*UTF8*$!
{
	archiveVersion = 1;
	classes = {
	};
	objectVersion = 50;
	objects = {

/* Begin PBXBuildFile section */
		8A023E36210A038B0036A2ED /* AppDelegate.swift in Sources */ = {isa = PBXBuildFile; fileRef = 8A023E35210A038B0036A2ED /* AppDelegate.swift */; };
		8A023E38210A038B0036A2ED /* MainVC.swift in Sources */ = {isa = PBXBuildFile; fileRef = 8A023E37210A038B0036A2ED /* MainVC.swift */; };
		8A023E3B210A038B0036A2ED /* Main.storyboard in Resources */ = {isa = PBXBuildFile; fileRef = 8A023E39210A038B0036A2ED /* Main.storyboard */; };
		8A023E3D210A038C0036A2ED /* Assets.xcassets in Resources */ = {isa = PBXBuildFile; fileRef = 8A023E3C210A038C0036A2ED /* Assets.xcassets */; };
		8A023E40210A038C0036A2ED /* LaunchScreen.storyboard in Resources */ = {isa = PBXBuildFile; fileRef = 8A023E3E210A038C0036A2ED /* LaunchScreen.storyboard */; };
		8A023E48210A04480036A2ED /* GoogleService-Info.plist in Resources */ = {isa = PBXBuildFile; fileRef = 8A023E47210A04480036A2ED /* GoogleService-Info.plist */; };
		8A023E4A210A10540036A2ED /* AddThoughtVC.swift in Sources */ = {isa = PBXBuildFile; fileRef = 8A023E49210A10540036A2ED /* AddThoughtVC.swift */; };
		8A023E50210A161C0036A2ED /* Constants.swift in Sources */ = {isa = PBXBuildFile; fileRef = 8A023E4F210A161C0036A2ED /* Constants.swift */; };
		8A3BD1C0210A557F00E33685 /* Thought.swift in Sources */ = {isa = PBXBuildFile; fileRef = 8A3BD1BF210A557F00E33685 /* Thought.swift */; };
		8A3BD1C2210A567500E33685 /* ThoughtCell.swift in Sources */ = {isa = PBXBuildFile; fileRef = 8A3BD1C1210A567500E33685 /* ThoughtCell.swift */; };
		8A8B7D46210A6BA9000AF418 /* LoginVC.swift in Sources */ = {isa = PBXBuildFile; fileRef = 8A8B7D45210A6BA9000AF418 /* LoginVC.swift */; };
		8A8B7D48210A6D2D000AF418 /* CreateUserVC.swift in Sources */ = {isa = PBXBuildFile; fileRef = 8A8B7D47210A6D2D000AF418 /* CreateUserVC.swift */; };
		8A8B7D4A210A754C000AF418 /* CommentsVC.swift in Sources */ = {isa = PBXBuildFile; fileRef = 8A8B7D49210A754C000AF418 /* CommentsVC.swift */; };
		8A8B7D4C210A78B7000AF418 /* CommentCell.swift in Sources */ = {isa = PBXBuildFile; fileRef = 8A8B7D4B210A78B7000AF418 /* CommentCell.swift */; };
		8A8B7D4E210A798E000AF418 /* Comment.swift in Sources */ = {isa = PBXBuildFile; fileRef = 8A8B7D4D210A798E000AF418 /* Comment.swift */; };
		8AC52B51210AF6050069210A /* KeyboardBoundView.swift in Sources */ = {isa = PBXBuildFile; fileRef = 8AC52B50210AF6050069210A /* KeyboardBoundView.swift */; };
		DBF0170A16C1E4B171D45824 /* Pods_RNDM.framework in Frameworks */ = {isa = PBXBuildFile; fileRef = AA730782D4BBDB825BAEA9E8 /* Pods_RNDM.framework */; };
/* End PBXBuildFile section */

/* Begin PBXFileReference section */
		8A023E32210A038B0036A2ED /* RNDM.app */ = {isa = PBXFileReference; explicitFileType = wrapper.application; includeInIndex = 0; path = RNDM.app; sourceTree = BUILT_PRODUCTS_DIR; };
		8A023E35210A038B0036A2ED /* AppDelegate.swift */ = {isa = PBXFileReference; lastKnownFileType = sourcecode.swift; path = AppDelegate.swift; sourceTree = "<group>"; };
		8A023E37210A038B0036A2ED /* MainVC.swift */ = {isa = PBXFileReference; lastKnownFileType = sourcecode.swift; path = MainVC.swift; sourceTree = "<group>"; };
		8A023E3A210A038B0036A2ED /* Base */ = {isa = PBXFileReference; lastKnownFileType = file.storyboard; name = Base; path = Base.lproj/Main.storyboard; sourceTree = "<group>"; };
		8A023E3C210A038C0036A2ED /* Assets.xcassets */ = {isa = PBXFileReference; lastKnownFileType = folder.assetcatalog; path = Assets.xcassets; sourceTree = "<group>"; };
		8A023E3F210A038C0036A2ED /* Base */ = {isa = PBXFileReference; lastKnownFileType = file.storyboard; name = Base; path = Base.lproj/LaunchScreen.storyboard; sourceTree = "<group>"; };
		8A023E41210A038C0036A2ED /* Info.plist */ = {isa = PBXFileReference; lastKnownFileType = text.plist.xml; path = Info.plist; sourceTree = "<group>"; };
		8A023E47210A04480036A2ED /* GoogleService-Info.plist */ = {isa = PBXFileReference; fileEncoding = 4; lastKnownFileType = text.plist.xml; path = "GoogleService-Info.plist"; sourceTree = "<group>"; };
		8A023E49210A10540036A2ED /* AddThoughtVC.swift */ = {isa = PBXFileReference; lastKnownFileType = sourcecode.swift; path = AddThoughtVC.swift; sourceTree = "<group>"; };
		8A023E4F210A161C0036A2ED /* Constants.swift */ = {isa = PBXFileReference; lastKnownFileType = sourcecode.swift; path = Constants.swift; sourceTree = "<group>"; };
		8A3BD1BF210A557F00E33685 /* Thought.swift */ = {isa = PBXFileReference; lastKnownFileType = sourcecode.swift; path = Thought.swift; sourceTree = "<group>"; };
		8A3BD1C1210A567500E33685 /* ThoughtCell.swift */ = {isa = PBXFileReference; lastKnownFileType = sourcecode.swift; path = ThoughtCell.swift; sourceTree = "<group>"; };
		8A8B7D45210A6BA9000AF418 /* LoginVC.swift */ = {isa = PBXFileReference; lastKnownFileType = sourcecode.swift; path = LoginVC.swift; sourceTree = "<group>"; };
		8A8B7D47210A6D2D000AF418 /* CreateUserVC.swift */ = {isa = PBXFileReference; lastKnownFileType = sourcecode.swift; path = CreateUserVC.swift; sourceTree = "<group>"; };
		8A8B7D49210A754C000AF418 /* CommentsVC.swift */ = {isa = PBXFileReference; lastKnownFileType = sourcecode.swift; path = CommentsVC.swift; sourceTree = "<group>"; };
		8A8B7D4B210A78B7000AF418 /* CommentCell.swift */ = {isa = PBXFileReference; lastKnownFileType = sourcecode.swift; path = CommentCell.swift; sourceTree = "<group>"; };
		8A8B7D4D210A798E000AF418 /* Comment.swift */ = {isa = PBXFileReference; lastKnownFileType = sourcecode.swift; path = Comment.swift; sourceTree = "<group>"; };
		8AC52B50210AF6050069210A /* KeyboardBoundView.swift */ = {isa = PBXFileReference; fileEncoding = 4; lastKnownFileType = sourcecode.swift; path = KeyboardBoundView.swift; sourceTree = "<group>"; };
		AA730782D4BBDB825BAEA9E8 /* Pods_RNDM.framework */ = {isa = PBXFileReference; explicitFileType = wrapper.framework; includeInIndex = 0; path = Pods_RNDM.framework; sourceTree = BUILT_PRODUCTS_DIR; };
		C856A0CE11B52662D0E2F013 /* Pods-RNDM.release.xcconfig */ = {isa = PBXFileReference; includeInIndex = 1; lastKnownFileType = text.xcconfig; name = "Pods-RNDM.release.xcconfig"; path = "Pods/Target Support Files/Pods-RNDM/Pods-RNDM.release.xcconfig"; sourceTree = "<group>"; };
		DD2D25F8E8819A1682987F07 /* Pods-RNDM.debug.xcconfig */ = {isa = PBXFileReference; includeInIndex = 1; lastKnownFileType = text.xcconfig; name = "Pods-RNDM.debug.xcconfig"; path = "Pods/Target Support Files/Pods-RNDM/Pods-RNDM.debug.xcconfig"; sourceTree = "<group>"; };
/* End PBXFileReference section */

/* Begin PBXFrameworksBuildPhase section */
		8A023E2F210A038B0036A2ED /* Frameworks */ = {
			isa = PBXFrameworksBuildPhase;
			buildActionMask = 2147483647;
			files = (
				DBF0170A16C1E4B171D45824 /* Pods_RNDM.framework in Frameworks */,
			);
			runOnlyForDeploymentPostprocessing = 0;
		};
/* End PBXFrameworksBuildPhase section */

/* Begin PBXGroup section */
		290689D7ECE63912D1985582 /* Frameworks */ = {
			isa = PBXGroup;
			children = (
				AA730782D4BBDB825BAEA9E8 /* Pods_RNDM.framework */,
			);
			name = Frameworks;
			sourceTree = "<group>";
		};
		8A023E29210A038B0036A2ED = {
			isa = PBXGroup;
			children = (
				8A023E34210A038B0036A2ED /* RNDM */,
				8A023E33210A038B0036A2ED /* Products */,
				8E19E9076D8F129975FA9765 /* Pods */,
				290689D7ECE63912D1985582 /* Frameworks */,
			);
			sourceTree = "<group>";
		};
		8A023E33210A038B0036A2ED /* Products */ = {
			isa = PBXGroup;
			children = (
				8A023E32210A038B0036A2ED /* RNDM.app */,
			);
			name = Products;
			sourceTree = "<group>";
		};
		8A023E34210A038B0036A2ED /* RNDM */ = {
			isa = PBXGroup;
			children = (
				8A023E4E210A160F0036A2ED /* Utilities */,
				8A023E4D210A105F0036A2ED /* Model */,
				8A023E4C210A105C0036A2ED /* View */,
				8A023E4B210A10570036A2ED /* Controller */,
				8A023E35210A038B0036A2ED /* AppDelegate.swift */,
				8A023E3C210A038C0036A2ED /* Assets.xcassets */,
				8A023E41210A038C0036A2ED /* Info.plist */,
				8A023E47210A04480036A2ED /* GoogleService-Info.plist */,
			);
			path = RNDM;
			sourceTree = "<group>";
		};
		8A023E4B210A10570036A2ED /* Controller */ = {
			isa = PBXGroup;
			children = (
				8A023E37210A038B0036A2ED /* MainVC.swift */,
				8A023E49210A10540036A2ED /* AddThoughtVC.swift */,
				8A8B7D45210A6BA9000AF418 /* LoginVC.swift */,
				8A8B7D47210A6D2D000AF418 /* CreateUserVC.swift */,
				8A8B7D49210A754C000AF418 /* CommentsVC.swift */,
			);
			path = Controller;
			sourceTree = "<group>";
		};
		8A023E4C210A105C0036A2ED /* View */ = {
			isa = PBXGroup;
			children = (
				8A023E39210A038B0036A2ED /* Main.storyboard */,
				8A023E3E210A038C0036A2ED /* LaunchScreen.storyboard */,
				8A3BD1C1210A567500E33685 /* ThoughtCell.swift */,
				8A8B7D4B210A78B7000AF418 /* CommentCell.swift */,
			);
			path = View;
			sourceTree = "<group>";
		};
		8A023E4D210A105F0036A2ED /* Model */ = {
			isa = PBXGroup;
			children = (
				8A3BD1BF210A557F00E33685 /* Thought.swift */,
				8A8B7D4D210A798E000AF418 /* Comment.swift */,
			);
			path = Model;
			sourceTree = "<group>";
		};
		8A023E4E210A160F0036A2ED /* Utilities */ = {
			isa = PBXGroup;
			children = (
				8A023E4F210A161C0036A2ED /* Constants.swift */,
				8AC52B50210AF6050069210A /* KeyboardBoundView.swift */,
			);
			path = Utilities;
			sourceTree = "<group>";
		};
		8E19E9076D8F129975FA9765 /* Pods */ = {
			isa = PBXGroup;
			children = (
				DD2D25F8E8819A1682987F07 /* Pods-RNDM.debug.xcconfig */,
				C856A0CE11B52662D0E2F013 /* Pods-RNDM.release.xcconfig */,
			);
			name = Pods;
			sourceTree = "<group>";
		};
/* End PBXGroup section */

/* Begin PBXNativeTarget section */
		8A023E31210A038B0036A2ED /* RNDM */ = {
			isa = PBXNativeTarget;
			buildConfigurationList = 8A023E44210A038C0036A2ED /* Build configuration list for PBXNativeTarget "RNDM" */;
			buildPhases = (
				43764D60931682F0BC3EE215 /* [CP] Check Pods Manifest.lock */,
				8A023E2E210A038B0036A2ED /* Sources */,
				8A023E2F210A038B0036A2ED /* Frameworks */,
				8A023E30210A038B0036A2ED /* Resources */,
				251E98209DCE0E23A7CF0F98 /* [CP] Embed Pods Frameworks */,
			);
			buildRules = (
			);
			dependencies = (
			);
			name = RNDM;
			productName = RNDM;
			productReference = 8A023E32210A038B0036A2ED /* RNDM.app */;
			productType = "com.apple.product-type.application";
		};
/* End PBXNativeTarget section */

/* Begin PBXProject section */
		8A023E2A210A038B0036A2ED /* Project object */ = {
			isa = PBXProject;
			attributes = {
				LastSwiftUpdateCheck = 0940;
				LastUpgradeCheck = 0940;
				ORGANIZATIONNAME = "Octavian Duminica";
				TargetAttributes = {
					8A023E31210A038B0036A2ED = {
						CreatedOnToolsVersion = 9.4.1;
					};
				};
			};
			buildConfigurationList = 8A023E2D210A038B0036A2ED /* Build configuration list for PBXProject "RNDM" */;
			compatibilityVersion = "Xcode 9.3";
			developmentRegion = en;
			hasScannedForEncodings = 0;
			knownRegions = (
				en,
				Base,
			);
			mainGroup = 8A023E29210A038B0036A2ED;
			productRefGroup = 8A023E33210A038B0036A2ED /* Products */;
			projectDirPath = "";
			projectRoot = "";
			targets = (
				8A023E31210A038B0036A2ED /* RNDM */,
			);
		};
/* End PBXProject section */

/* Begin PBXResourcesBuildPhase section */
		8A023E30210A038B0036A2ED /* Resources */ = {
			isa = PBXResourcesBuildPhase;
			buildActionMask = 2147483647;
			files = (
				8A023E40210A038C0036A2ED /* LaunchScreen.storyboard in Resources */,
				8A023E48210A04480036A2ED /* GoogleService-Info.plist in Resources */,
				8A023E3D210A038C0036A2ED /* Assets.xcassets in Resources */,
				8A023E3B210A038B0036A2ED /* Main.storyboard in Resources */,
			);
			runOnlyForDeploymentPostprocessing = 0;
		};
/* End PBXResourcesBuildPhase section */

/* Begin PBXShellScriptBuildPhase section */
		251E98209DCE0E23A7CF0F98 /* [CP] Embed Pods Frameworks */ = {
			isa = PBXShellScriptBuildPhase;
			buildActionMask = 2147483647;
			files = (
			);
			inputPaths = (
				"${SRCROOT}/Pods/Target Support Files/Pods-RNDM/Pods-RNDM-frameworks.sh",
				"${BUILT_PRODUCTS_DIR}/BoringSSL/openssl.framework",
				"${BUILT_PRODUCTS_DIR}/GTMSessionFetcher/GTMSessionFetcher.framework",
				"${BUILT_PRODUCTS_DIR}/GoogleToolboxForMac/GoogleToolboxForMac.framework",
				"${BUILT_PRODUCTS_DIR}/Protobuf/Protobuf.framework",
				"${BUILT_PRODUCTS_DIR}/gRPC/GRPCClient.framework",
				"${BUILT_PRODUCTS_DIR}/gRPC-Core/grpc.framework",
				"${BUILT_PRODUCTS_DIR}/gRPC-ProtoRPC/ProtoRPC.framework",
				"${BUILT_PRODUCTS_DIR}/gRPC-RxLibrary/RxLibrary.framework",
				"${BUILT_PRODUCTS_DIR}/leveldb-library/leveldb.framework",
				"${BUILT_PRODUCTS_DIR}/nanopb/nanopb.framework",
			);
			name = "[CP] Embed Pods Frameworks";
			outputPaths = (
				"${TARGET_BUILD_DIR}/${FRAMEWORKS_FOLDER_PATH}/openssl.framework",
				"${TARGET_BUILD_DIR}/${FRAMEWORKS_FOLDER_PATH}/GTMSessionFetcher.framework",
				"${TARGET_BUILD_DIR}/${FRAMEWORKS_FOLDER_PATH}/GoogleToolboxForMac.framework",
				"${TARGET_BUILD_DIR}/${FRAMEWORKS_FOLDER_PATH}/Protobuf.framework",
				"${TARGET_BUILD_DIR}/${FRAMEWORKS_FOLDER_PATH}/GRPCClient.framework",
				"${TARGET_BUILD_DIR}/${FRAMEWORKS_FOLDER_PATH}/grpc.framework",
				"${TARGET_BUILD_DIR}/${FRAMEWORKS_FOLDER_PATH}/ProtoRPC.framework",
				"${TARGET_BUILD_DIR}/${FRAMEWORKS_FOLDER_PATH}/RxLibrary.framework",
				"${TARGET_BUILD_DIR}/${FRAMEWORKS_FOLDER_PATH}/leveldb.framework",
				"${TARGET_BUILD_DIR}/${FRAMEWORKS_FOLDER_PATH}/nanopb.framework",
			);
			runOnlyForDeploymentPostprocessing = 0;
			shellPath = /bin/sh;
			shellScript = "\"${SRCROOT}/Pods/Target Support Files/Pods-RNDM/Pods-RNDM-frameworks.sh\"\n";
			showEnvVarsInLog = 0;
		};
		43764D60931682F0BC3EE215 /* [CP] Check Pods Manifest.lock */ = {
			isa = PBXShellScriptBuildPhase;
			buildActionMask = 2147483647;
			files = (
			);
			inputPaths = (
				"${PODS_PODFILE_DIR_PATH}/Podfile.lock",
				"${PODS_ROOT}/Manifest.lock",
			);
			name = "[CP] Check Pods Manifest.lock";
			outputPaths = (
				"$(DERIVED_FILE_DIR)/Pods-RNDM-checkManifestLockResult.txt",
			);
			runOnlyForDeploymentPostprocessing = 0;
			shellPath = /bin/sh;
			shellScript = "diff \"${PODS_PODFILE_DIR_PATH}/Podfile.lock\" \"${PODS_ROOT}/Manifest.lock\" > /dev/null\nif [ $? != 0 ] ; then\n    # print error to STDERR\n    echo \"error: The sandbox is not in sync with the Podfile.lock. Run 'pod install' or update your CocoaPods installation.\" >&2\n    exit 1\nfi\n# This output is used by Xcode 'outputs' to avoid re-running this script phase.\necho \"SUCCESS\" > \"${SCRIPT_OUTPUT_FILE_0}\"\n";
			showEnvVarsInLog = 0;
		};
/* End PBXShellScriptBuildPhase section */

/* Begin PBXSourcesBuildPhase section */
		8A023E2E210A038B0036A2ED /* Sources */ = {
			isa = PBXSourcesBuildPhase;
			buildActionMask = 2147483647;
			files = (
				8A023E4A210A10540036A2ED /* AddThoughtVC.swift in Sources */,
				8A8B7D48210A6D2D000AF418 /* CreateUserVC.swift in Sources */,
				8AC52B51210AF6050069210A /* KeyboardBoundView.swift in Sources */,
				8A3BD1C0210A557F00E33685 /* Thought.swift in Sources */,
				8A8B7D46210A6BA9000AF418 /* LoginVC.swift in Sources */,
				8A023E38210A038B0036A2ED /* MainVC.swift in Sources */,
				8A8B7D4C210A78B7000AF418 /* CommentCell.swift in Sources */,
				8A3BD1C2210A567500E33685 /* ThoughtCell.swift in Sources */,
				8A023E36210A038B0036A2ED /* AppDelegate.swift in Sources */,
				8A023E50210A161C0036A2ED /* Constants.swift in Sources */,
				8A8B7D4E210A798E000AF418 /* Comment.swift in Sources */,
				8A8B7D4A210A754C000AF418 /* CommentsVC.swift in Sources */,
			);
			runOnlyForDeploymentPostprocessing = 0;
		};
/* End PBXSourcesBuildPhase section */

/* Begin PBXVariantGroup section */
		8A023E39210A038B0036A2ED /* Main.storyboard */ = {
			isa = PBXVariantGroup;
			children = (
				8A023E3A210A038B0036A2ED /* Base */,
			);
			name = Main.storyboard;
			sourceTree = "<group>";
		};
		8A023E3E210A038C0036A2ED /* LaunchScreen.storyboard */ = {
			isa = PBXVariantGroup;
			children = (
				8A023E3F210A038C0036A2ED /* Base */,
			);
			name = LaunchScreen.storyboard;
			sourceTree = "<group>";
		};
/* End PBXVariantGroup section */

/* Begin XCBuildConfiguration section */
		8A023E42210A038C0036A2ED /* Debug */ = {
			isa = XCBuildConfiguration;
			buildSettings = {
				ALWAYS_SEARCH_USER_PATHS = NO;
				CLANG_ANALYZER_NONNULL = YES;
				CLANG_ANALYZER_NUMBER_OBJECT_CONVERSION = YES_AGGRESSIVE;
				CLANG_CXX_LANGUAGE_STANDARD = "gnu++14";
				CLANG_CXX_LIBRARY = "libc++";
				CLANG_ENABLE_MODULES = YES;
				CLANG_ENABLE_OBJC_ARC = YES;
				CLANG_ENABLE_OBJC_WEAK = YES;
				CLANG_WARN_BLOCK_CAPTURE_AUTORELEASING = YES;
				CLANG_WARN_BOOL_CONVERSION = YES;
				CLANG_WARN_COMMA = YES;
				CLANG_WARN_CONSTANT_CONVERSION = YES;
				CLANG_WARN_DEPRECATED_OBJC_IMPLEMENTATIONS = YES;
				CLANG_WARN_DIRECT_OBJC_ISA_USAGE = YES_ERROR;
				CLANG_WARN_DOCUMENTATION_COMMENTS = YES;
				CLANG_WARN_EMPTY_BODY = YES;
				CLANG_WARN_ENUM_CONVERSION = YES;
				CLANG_WARN_INFINITE_RECURSION = YES;
				CLANG_WARN_INT_CONVERSION = YES;
				CLANG_WARN_NON_LITERAL_NULL_CONVERSION = YES;
				CLANG_WARN_OBJC_IMPLICIT_RETAIN_SELF = YES;
				CLANG_WARN_OBJC_LITERAL_CONVERSION = YES;
				CLANG_WARN_OBJC_ROOT_CLASS = YES_ERROR;
				CLANG_WARN_RANGE_LOOP_ANALYSIS = YES;
				CLANG_WARN_STRICT_PROTOTYPES = YES;
				CLANG_WARN_SUSPICIOUS_MOVE = YES;
				CLANG_WARN_UNGUARDED_AVAILABILITY = YES_AGGRESSIVE;
				CLANG_WARN_UNREACHABLE_CODE = YES;
				CLANG_WARN__DUPLICATE_METHOD_MATCH = YES;
				CODE_SIGN_IDENTITY = "iPhone Developer";
				COPY_PHASE_STRIP = NO;
				DEBUG_INFORMATION_FORMAT = dwarf;
				ENABLE_STRICT_OBJC_MSGSEND = YES;
				ENABLE_TESTABILITY = YES;
				GCC_C_LANGUAGE_STANDARD = gnu11;
				GCC_DYNAMIC_NO_PIC = NO;
				GCC_NO_COMMON_BLOCKS = YES;
				GCC_OPTIMIZATION_LEVEL = 0;
				GCC_PREPROCESSOR_DEFINITIONS = (
					"DEBUG=1",
					"$(inherited)",
				);
				GCC_WARN_64_TO_32_BIT_CONVERSION = YES;
				GCC_WARN_ABOUT_RETURN_TYPE = YES_ERROR;
				GCC_WARN_UNDECLARED_SELECTOR = YES;
				GCC_WARN_UNINITIALIZED_AUTOS = YES_AGGRESSIVE;
				GCC_WARN_UNUSED_FUNCTION = YES;
				GCC_WARN_UNUSED_VARIABLE = YES;
				IPHONEOS_DEPLOYMENT_TARGET = 11.4;
				MTL_ENABLE_DEBUG_INFO = YES;
				ONLY_ACTIVE_ARCH = YES;
				SDKROOT = iphoneos;
				SWIFT_ACTIVE_COMPILATION_CONDITIONS = DEBUG;
				SWIFT_OPTIMIZATION_LEVEL = "-Onone";
			};
			name = Debug;
		};
		8A023E43210A038C0036A2ED /* Release */ = {
			isa = XCBuildConfiguration;
			buildSettings = {
				ALWAYS_SEARCH_USER_PATHS = NO;
				CLANG_ANALYZER_NONNULL = YES;
				CLANG_ANALYZER_NUMBER_OBJECT_CONVERSION = YES_AGGRESSIVE;
				CLANG_CXX_LANGUAGE_STANDARD = "gnu++14";
				CLANG_CXX_LIBRARY = "libc++";
				CLANG_ENABLE_MODULES = YES;
				CLANG_ENABLE_OBJC_ARC = YES;
				CLANG_ENABLE_OBJC_WEAK = YES;
				CLANG_WARN_BLOCK_CAPTURE_AUTORELEASING = YES;
				CLANG_WARN_BOOL_CONVERSION = YES;
				CLANG_WARN_COMMA = YES;
				CLANG_WARN_CONSTANT_CONVERSION = YES;
				CLANG_WARN_DEPRECATED_OBJC_IMPLEMENTATIONS = YES;
				CLANG_WARN_DIRECT_OBJC_ISA_USAGE = YES_ERROR;
				CLANG_WARN_DOCUMENTATION_COMMENTS = YES;
				CLANG_WARN_EMPTY_BODY = YES;
				CLANG_WARN_ENUM_CONVERSION = YES;
				CLANG_WARN_INFINITE_RECURSION = YES;
				CLANG_WARN_INT_CONVERSION = YES;
				CLANG_WARN_NON_LITERAL_NULL_CONVERSION = YES;
				CLANG_WARN_OBJC_IMPLICIT_RETAIN_SELF = YES;
				CLANG_WARN_OBJC_LITERAL_CONVERSION = YES;
				CLANG_WARN_OBJC_ROOT_CLASS = YES_ERROR;
				CLANG_WARN_RANGE_LOOP_ANALYSIS = YES;
				CLANG_WARN_STRICT_PROTOTYPES = YES;
				CLANG_WARN_SUSPICIOUS_MOVE = YES;
				CLANG_WARN_UNGUARDED_AVAILABILITY = YES_AGGRESSIVE;
				CLANG_WARN_UNREACHABLE_CODE = YES;
				CLANG_WARN__DUPLICATE_METHOD_MATCH = YES;
				CODE_SIGN_IDENTITY = "iPhone Developer";
				COPY_PHASE_STRIP = NO;
				DEBUG_INFORMATION_FORMAT = "dwarf-with-dsym";
				ENABLE_NS_ASSERTIONS = NO;
				ENABLE_STRICT_OBJC_MSGSEND = YES;
				GCC_C_LANGUAGE_STANDARD = gnu11;
				GCC_NO_COMMON_BLOCKS = YES;
				GCC_WARN_64_TO_32_BIT_CONVERSION = YES;
				GCC_WARN_ABOUT_RETURN_TYPE = YES_ERROR;
				GCC_WARN_UNDECLARED_SELECTOR = YES;
				GCC_WARN_UNINITIALIZED_AUTOS = YES_AGGRESSIVE;
				GCC_WARN_UNUSED_FUNCTION = YES;
				GCC_WARN_UNUSED_VARIABLE = YES;
				IPHONEOS_DEPLOYMENT_TARGET = 11.4;
				MTL_ENABLE_DEBUG_INFO = NO;
				SDKROOT = iphoneos;
				SWIFT_COMPILATION_MODE = wholemodule;
				SWIFT_OPTIMIZATION_LEVEL = "-O";
				VALIDATE_PRODUCT = YES;
			};
			name = Release;
		};
		8A023E45210A038C0036A2ED /* Debug */ = {
			isa = XCBuildConfiguration;
			baseConfigurationReference = DD2D25F8E8819A1682987F07 /* Pods-RNDM.debug.xcconfig */;
			buildSettings = {
				ASSETCATALOG_COMPILER_APPICON_NAME = AppIcon;
				CODE_SIGN_STYLE = Automatic;
				DEVELOPMENT_TEAM = PX5AU8YC45;
				INFOPLIST_FILE = RNDM/Info.plist;
				IPHONEOS_DEPLOYMENT_TARGET = 11.4;
				LD_RUNPATH_SEARCH_PATHS = (
					"$(inherited)",
					"@executable_path/Frameworks",
				);
				PRODUCT_BUNDLE_IDENTIFIER = com.octavian.RNDM;
				PRODUCT_NAME = "$(TARGET_NAME)";
				SWIFT_VERSION = 4.0;
				TARGETED_DEVICE_FAMILY = 1;
			};
			name = Debug;
		};
		8A023E46210A038C0036A2ED /* Release */ = {
			isa = XCBuildConfiguration;
			baseConfigurationReference = C856A0CE11B52662D0E2F013 /* Pods-RNDM.release.xcconfig */;
			buildSettings = {
				ASSETCATALOG_COMPILER_APPICON_NAME = AppIcon;
				CODE_SIGN_STYLE = Automatic;
				DEVELOPMENT_TEAM = PX5AU8YC45;
				INFOPLIST_FILE = RNDM/Info.plist;
				IPHONEOS_DEPLOYMENT_TARGET = 11.4;
				LD_RUNPATH_SEARCH_PATHS = (
					"$(inherited)",
					"@executable_path/Frameworks",
				);
				PRODUCT_BUNDLE_IDENTIFIER = com.octavian.RNDM;
				PRODUCT_NAME = "$(TARGET_NAME)";
				SWIFT_VERSION = 4.0;
				TARGETED_DEVICE_FAMILY = 1;
			};
			name = Release;
		};
/* End XCBuildConfiguration section */

/* Begin XCConfigurationList section */
		8A023E2D210A038B0036A2ED /* Build configuration list for PBXProject "RNDM" */ = {
			isa = XCConfigurationList;
			buildConfigurations = (
				8A023E42210A038C0036A2ED /* Debug */,
				8A023E43210A038C0036A2ED /* Release */,
			);
			defaultConfigurationIsVisible = 0;
			defaultConfigurationName = Release;
		};
		8A023E44210A038C0036A2ED /* Build configuration list for PBXNativeTarget "RNDM" */ = {
			isa = XCConfigurationList;
			buildConfigurations = (
				8A023E45210A038C0036A2ED /* Debug */,
				8A023E46210A038C0036A2ED /* Release */,
			);
			defaultConfigurationIsVisible = 0;
			defaultConfigurationName = Release;
		};
/* End XCConfigurationList section */
	};
	rootObject = 8A023E2A210A038B0036A2ED /* Project object */;
}
